
Microsoft Visual Studio Solution File, Format Version 12.00
# Visual Studio Version 16
VisualStudioVersion = 16.0.34031.81
MinimumVisualStudioVersion = 10.0.40219.1
Project("{FC65038C-1B2F-41E1-A629-BED71D161FFF}") = "MMT_CR248 (USR) [CustomModel2]", "MMT_CR248\MMT_CR248.rnrproj", "{DC90454D-490D-40CE-8A77-1AC65D5ADF8A}"
EndProject
Global
	GlobalSection(SolutionConfigurationPlatforms) = preSolution
		Debug|Any CPU = Debug|Any CPU
	EndGlobalSection
	GlobalSection(ProjectConfigurationPlatforms) = postSolution
		{DC90454D-490D-40CE-8A77-1AC65D5ADF8A}.Debug|Any CPU.ActiveCfg = Debug|Any CPU
		{DC90454D-490D-40CE-8A77-1AC65D5ADF8A}.Debug|Any CPU.Build.0 = Debug|Any CPU
	EndGlobalSection
	GlobalSection(SolutionProperties) = preSolution
		HideSolutionNode = FALSE
	EndGlobalSection
	GlobalSection(ExtensibilityGlobals) = postSolution
		SolutionGuid = {5335A4EF-F180-4408-8DD6-831A2415C453}
	EndGlobalSection
EndGlobal
